{
  "version": 4,
  "terraform_version": "1.1.7",
  "serial": 69,
  "lineage": "bcb61a80-c506-aa22-9684-6dcdff1daefe",
  "outputs": {
    "application_url": {
      "value": "https://deep-0527830ad1b915cb.elb.us-east-2.amazonaws.com:4000",
      "type": "string"
    },
    "auto_scaling_group_id": {
      "value": "deep",
      "type": "string"
    },
    "database_endpoint": {
      "value": "deep.cpqrk0kuf9qo.us-east-2.rds.amazonaws.com:5432",
      "type": "string"
    },
    "db_subnet_group_id": {
      "value": "deep",
      "type": "string"
    },
    "private_subnet_ids": {
      "value": [
        "subnet-0daeeb94f14c881ba",
        "subnet-062095080b257ca00",
        "subnet-0bc5df3eea5ea9f51"
      ],
      "type": [
        "list",
        "string"
      ]
    },
    "security_group_id": {
      "value": "sg-0f59188cd0c80c77c",
      "type": "string"
    },
    "vpc_id": {
      "value": "vpc-07e3b3af9b264e7ad",
      "type": "string"
    }
  },
  "resources": [
    {
      "mode": "data",
      "type": "aws_sns_topic",
      "name": "asg_notification",
      "provider": "provider[\"registry.terraform.io/hashicorp/aws\"]",
      "instances": [
        {
          "schema_version": 0,
          "attributes": {
            "arn": "arn:aws:sns:us-east-2:554660509057:kul",
            "id": "arn:aws:sns:us-east-2:554660509057:kul",
            "name": "kul"
          },
          "sensitive_attributes": []
        }
      ]
    },
    {
      "mode": "data",
      "type": "aws_subnets",
      "name": "private_subnets",
      "provider": "provider[\"registry.terraform.io/hashicorp/aws\"]",
      "instances": [
        {
          "schema_version": 0,
          "attributes": {
            "filter": [
              {
                "name": "tag:Type",
                "values": [
                  "private"
                ]
              },
              {
                "name": "vpc-id",
                "values": [
                  "vpc-07e3b3af9b264e7ad"
                ]
              }
            ],
            "id": "us-east-2",
            "ids": [
              "subnet-0daeeb94f14c881ba",
              "subnet-062095080b257ca00",
              "subnet-0bc5df3eea5ea9f51"
            ],
            "tags": null
          },
          "sensitive_attributes": []
        }
      ]
    },
    {
      "mode": "data",
      "type": "aws_subnets",
      "name": "public_subnets",
      "provider": "provider[\"registry.terraform.io/hashicorp/aws\"]",
      "instances": [
        {
          "schema_version": 0,
          "attributes": {
            "filter": [
              {
                "name": "tag:Name",
                "values": [
                  "default"
                ]
              },
              {
                "name": "vpc-id",
                "values": [
                  "vpc-07e3b3af9b264e7ad"
                ]
              }
            ],
            "id": "us-east-2",
            "ids": [
              "subnet-0667b707728dee814",
              "subnet-084a815ef77cd570f",
              "subnet-006c5885815113eaf"
            ],
            "tags": null
          },
          "sensitive_attributes": []
        }
      ]
    },
    {
      "mode": "data",
      "type": "aws_vpc",
      "name": "default",
      "provider": "provider[\"registry.terraform.io/hashicorp/aws\"]",
      "instances": [
        {
          "schema_version": 0,
          "attributes": {
            "arn": "arn:aws:ec2:us-east-2:554660509057:vpc/vpc-07e3b3af9b264e7ad",
            "cidr_block": "172.31.0.0/16",
            "cidr_block_associations": [
              {
                "association_id": "vpc-cidr-assoc-0f2466704f762452e",
                "cidr_block": "172.31.0.0/16",
                "state": "associated"
              },
              {
                "association_id": "vpc-cidr-assoc-055026cc24778909d",
                "cidr_block": "86.10.0.0/16",
                "state": "associated"
              }
            ],
            "default": true,
            "dhcp_options_id": "dopt-2f524347",
            "enable_dns_hostnames": true,
            "enable_dns_support": true,
            "filter": null,
            "id": "vpc-07e3b3af9b264e7ad",
            "instance_tenancy": "default",
            "ipv6_association_id": "",
            "ipv6_cidr_block": "",
            "main_route_table_id": "rtb-0be6f9495df92d100",
            "owner_id": "554660509057",
            "state": null,
            "tags": {
              "Name": "default"
            }
          },
          "sensitive_attributes": []
        }
      ]
    },
    {
      "mode": "data",
      "type": "template_file",
      "name": "user_data",
      "provider": "provider[\"registry.terraform.io/hashicorp/template\"]",
      "instances": [
        {
          "schema_version": 0,
          "attributes": {
            "filename": null,
            "id": "2a2170f640c1bbe0d882c7c05dc0c94dee395b86a2427424b9a637f8ac5c731b",
            "rendered": "#!/bin/bash\r\napt-get update -y \r\napt-get install -y nodejs npm postgresql-client\r\nnpm install -g forever \r\nexport DB_USER=deep\r\nexport DB_PWD=FkQ3cRq!Ya\r\nexport DB_URL=deep.cpqrk0kuf9qo.us-east-2.rds.amazonaws.com\r\nexport DB_NAME=deep\r\nexport PGPASSWORD=FkQ3cRq!Ya\r\ngit clone https://github.com/kul-samples/nodejs.git /opt/app\r\ncd /opt/app\r\npsql -h $DB_URL -U $DB_USER -d $DB_NAME \u003c create_table.sql\r\nnpm install\r\nforever start app.js\r\n",
            "template": "#!/bin/bash\r\napt-get update -y \r\napt-get install -y nodejs npm postgresql-client\r\nnpm install -g forever \r\nexport DB_USER=deep\r\nexport DB_PWD=FkQ3cRq!Ya\r\nexport DB_URL=deep.cpqrk0kuf9qo.us-east-2.rds.amazonaws.com\r\nexport DB_NAME=deep\r\nexport PGPASSWORD=FkQ3cRq!Ya\r\ngit clone https://github.com/kul-samples/nodejs.git /opt/app\r\ncd /opt/app\r\npsql -h $DB_URL -U $DB_USER -d $DB_NAME \u003c create_table.sql\r\nnpm install\r\nforever start app.js\r\n",
            "vars": null
          },
          "sensitive_attributes": [
            [
              {
                "type": "get_attr",
                "value": "template"
              }
            ]
          ]
        }
      ]
    },
    {
      "mode": "managed",
      "type": "aws_autoscaling_group",
      "name": "deep",
      "provider": "provider[\"registry.terraform.io/hashicorp/aws\"]",
      "instances": [
        {
          "schema_version": 0,
          "attributes": {
            "arn": "arn:aws:autoscaling:us-east-2:554660509057:autoScalingGroup:2f8f4374-9357-449f-bf7c-a72d1b1d8281:autoScalingGroupName/deep",
            "availability_zones": [
              "us-east-2a",
              "us-east-2b",
              "us-east-2c"
            ],
            "capacity_rebalance": false,
            "default_cooldown": 300,
            "desired_capacity": 1,
            "enabled_metrics": [],
            "force_delete": false,
            "force_delete_warm_pool": false,
            "health_check_grace_period": 120,
            "health_check_type": "ELB",
            "id": "deep",
            "initial_lifecycle_hook": [],
            "instance_refresh": [],
            "launch_configuration": "",
            "launch_template": [
              {
                "id": "lt-0b7c28a02f2287c01",
                "name": "deep",
                "version": "$Default"
              }
            ],
            "load_balancers": [],
            "max_instance_lifetime": 0,
            "max_size": 2,
            "metrics_granularity": "1Minute",
            "min_elb_capacity": null,
            "min_size": 1,
            "mixed_instances_policy": [],
            "name": "deep",
            "name_prefix": "",
            "placement_group": "",
            "protect_from_scale_in": false,
            "service_linked_role_arn": "arn:aws:iam::554660509057:role/aws-service-role/autoscaling.amazonaws.com/AWSServiceRoleForAutoScaling",
            "suspended_processes": [],
            "tag": [
              {
                "key": "Name",
                "propagate_at_launch": true,
                "value": "deep"
              }
            ],
            "tags": null,
            "target_group_arns": [
              "arn:aws:elasticloadbalancing:us-east-2:554660509057:targetgroup/deep-4000/dc8281f1cf0a94c1"
            ],
            "termination_policies": [],
            "timeouts": null,
            "vpc_zone_identifier": [
              "subnet-006c5885815113eaf",
              "subnet-0667b707728dee814",
              "subnet-084a815ef77cd570f"
            ],
            "wait_for_capacity_timeout": "10m",
            "wait_for_elb_capacity": null,
            "warm_pool": []
          },
          "sensitive_attributes": [],
          "private": "eyJlMmJmYjczMC1lY2FhLTExZTYtOGY4OC0zNDM2M2JjN2M0YzAiOnsiZGVsZXRlIjo2MDAwMDAwMDAwMDB9fQ==",
          "dependencies": [
            "aws_db_instance.database",
            "aws_db_subnet_group.db_subnet_group",
            "aws_launch_template.launch_template",
            "aws_lb_target_group.tg_4000",
            "data.aws_subnets.private_subnets",
            "data.aws_subnets.public_subnets",
            "data.aws_vpc.default",
            "data.template_file.user_data",
            "module.key_pair.aws_key_pair.key_pair",
            "module.key_pair.tls_private_key.key_pair",
            "module.security_group.aws_security_group.aws_security_group",
            "random_password.db_password"
          ]
        }
      ]
    },
    {
      "mode": "managed",
      "type": "aws_autoscaling_notification",
      "name": "notification",
      "provider": "provider[\"registry.terraform.io/hashicorp/aws\"]",
      "instances": [
        {
          "schema_version": 0,
          "attributes": {
            "group_names": [
              "deep"
            ],
            "id": "arn:aws:sns:us-east-2:554660509057:kul",
            "notifications": [
              "autoscaling:EC2_INSTANCE_LAUNCH",
              "autoscaling:EC2_INSTANCE_LAUNCH_ERROR",
              "autoscaling:EC2_INSTANCE_TERMINATE",
              "autoscaling:EC2_INSTANCE_TERMINATE_ERROR"
            ],
            "topic_arn": "arn:aws:sns:us-east-2:554660509057:kul"
          },
          "sensitive_attributes": [],
          "private": "bnVsbA==",
          "dependencies": [
            "aws_autoscaling_group.deep",
            "aws_db_instance.database",
            "aws_db_subnet_group.db_subnet_group",
            "aws_launch_template.launch_template",
            "aws_lb_target_group.tg_4000",
            "data.aws_sns_topic.asg_notification",
            "data.aws_subnets.private_subnets",
            "data.aws_subnets.public_subnets",
            "data.aws_vpc.default",
            "data.template_file.user_data",
            "module.key_pair.aws_key_pair.key_pair",
            "module.key_pair.tls_private_key.key_pair",
            "module.security_group.aws_security_group.aws_security_group",
            "random_password.db_password"
          ]
        }
      ]
    },
    {
      "mode": "managed",
      "type": "aws_autoscalingplans_scaling_plan",
      "name": "cpu_utilization",
      "provider": "provider[\"registry.terraform.io/hashicorp/aws\"]",
      "instances": [
        {
          "schema_version": 0,
          "attributes": {
            "application_source": [
              {
                "cloudformation_stack_arn": "",
                "tag_filter": [
                  {
                    "key": "deep",
                    "values": [
                      "deep"
                    ]
                  }
                ]
              }
            ],
            "id": "deep_cpu_utilization/1",
            "name": "deep_cpu_utilization",
            "scaling_instruction": [
              {
                "customized_load_metric_specification": [],
                "disable_dynamic_scaling": false,
                "max_capacity": 3,
                "min_capacity": 1,
                "predefined_load_metric_specification": [],
                "predictive_scaling_max_capacity_behavior": "",
                "predictive_scaling_max_capacity_buffer": 0,
                "predictive_scaling_mode": "",
                "resource_id": "autoScalingGroup/deep",
                "scalable_dimension": "autoscaling:autoScalingGroup:DesiredCapacity",
                "scaling_policy_update_behavior": "KeepExternalPolicies",
                "scheduled_action_buffer_time": 0,
                "service_namespace": "autoscaling",
                "target_tracking_configuration": [
                  {
                    "customized_scaling_metric_specification": [],
                    "disable_scale_in": false,
                    "estimated_instance_warmup": 0,
                    "predefined_scaling_metric_specification": [
                      {
                        "predefined_scaling_metric_type": "ASGAverageCPUUtilization",
                        "resource_label": ""
                      }
                    ],
                    "scale_in_cooldown": 0,
                    "scale_out_cooldown": 0,
                    "target_value": 70
                  }
                ]
              }
            ],
            "scaling_plan_version": 1
          },
          "sensitive_attributes": [],
          "private": "bnVsbA==",
          "dependencies": [
            "aws_autoscaling_group.deep",
            "aws_db_instance.database",
            "aws_db_subnet_group.db_subnet_group",
            "aws_launch_template.launch_template",
            "aws_lb_target_group.tg_4000",
            "data.aws_subnets.private_subnets",
            "data.aws_subnets.public_subnets",
            "data.aws_vpc.default",
            "data.template_file.user_data",
            "module.key_pair.aws_key_pair.key_pair",
            "module.key_pair.tls_private_key.key_pair",
            "module.security_group.aws_security_group.aws_security_group",
            "random_password.db_password"
          ]
        }
      ]
    },
    {
      "mode": "managed",
      "type": "aws_db_instance",
      "name": "database",
      "provider": "provider[\"registry.terraform.io/hashicorp/aws\"]",
      "instances": [
        {
          "schema_version": 1,
          "attributes": {
            "address": "deep.cpqrk0kuf9qo.us-east-2.rds.amazonaws.com",
            "allocated_storage": 10,
            "allow_major_version_upgrade": null,
            "apply_immediately": null,
            "arn": "arn:aws:rds:us-east-2:554660509057:db:deep",
            "auto_minor_version_upgrade": true,
            "availability_zone": "us-east-2a",
            "backup_retention_period": 0,
            "backup_window": "06:13-06:43",
            "ca_cert_identifier": "rds-ca-2019",
            "character_set_name": "",
            "copy_tags_to_snapshot": false,
            "customer_owned_ip_enabled": false,
            "db_name": "deep",
            "db_subnet_group_name": "deep",
            "delete_automated_backups": true,
            "deletion_protection": false,
            "domain": "",
            "domain_iam_role_name": "",
            "enabled_cloudwatch_logs_exports": [],
            "endpoint": "deep.cpqrk0kuf9qo.us-east-2.rds.amazonaws.com:5432",
            "engine": "postgres",
            "engine_version": "13.6",
            "engine_version_actual": "13.6",
            "final_snapshot_identifier": null,
            "hosted_zone_id": "Z2XHWR1WZ565X2",
            "iam_database_authentication_enabled": false,
            "id": "deep",
            "identifier": "deep",
            "identifier_prefix": "",
            "instance_class": "db.t3.micro",
            "iops": 0,
            "kms_key_id": "",
            "latest_restorable_time": "0001-01-01T00:00:00Z",
            "license_model": "postgresql-license",
            "maintenance_window": "sat:07:34-sat:08:04",
            "max_allocated_storage": 100,
            "monitoring_interval": 0,
            "monitoring_role_arn": "",
            "multi_az": false,
            "name": "deep",
            "nchar_character_set_name": "",
            "option_group_name": "default:postgres-13",
            "parameter_group_name": "default.postgres13",
            "password": "FkQ3cRq!Ya",
            "performance_insights_enabled": false,
            "performance_insights_kms_key_id": "",
            "performance_insights_retention_period": 0,
            "port": 5432,
            "publicly_accessible": false,
            "replica_mode": "",
            "replicas": [],
            "replicate_source_db": "",
            "resource_id": "db-H542JEIA4GQQA7DOE7ZTBR3CQE",
            "restore_to_point_in_time": [],
            "s3_import": [],
            "security_group_names": [],
            "skip_final_snapshot": true,
            "snapshot_identifier": null,
            "status": "available",
            "storage_encrypted": false,
            "storage_type": "gp2",
            "tags": {},
            "tags_all": {},
            "timeouts": null,
            "timezone": "",
            "username": "deep",
            "vpc_security_group_ids": [
              "sg-0f59188cd0c80c77c"
            ]
          },
          "sensitive_attributes": [
            [
              {
                "type": "get_attr",
                "value": "password"
              }
            ]
          ],
          "private": "eyJlMmJmYjczMC1lY2FhLTExZTYtOGY4OC0zNDM2M2JjN2M0YzAiOnsiY3JlYXRlIjoyNDAwMDAwMDAwMDAwLCJkZWxldGUiOjM2MDAwMDAwMDAwMDAsInVwZGF0ZSI6NDgwMDAwMDAwMDAwMH0sInNjaGVtYV92ZXJzaW9uIjoiMSJ9",
          "dependencies": [
            "aws_db_subnet_group.db_subnet_group",
            "data.aws_subnets.private_subnets",
            "data.aws_vpc.default",
            "module.security_group.aws_security_group.aws_security_group",
            "random_password.db_password"
          ]
        }
      ]
    },
    {
      "mode": "managed",
      "type": "aws_db_subnet_group",
      "name": "db_subnet_group",
      "provider": "provider[\"registry.terraform.io/hashicorp/aws\"]",
      "instances": [
        {
          "schema_version": 0,
          "attributes": {
            "arn": "arn:aws:rds:us-east-2:554660509057:subgrp:deep",
            "description": "group manage by terraform",
            "id": "deep",
            "name": "deep",
            "name_prefix": null,
            "subnet_ids": [
              "subnet-062095080b257ca00",
              "subnet-0bc5df3eea5ea9f51",
              "subnet-0daeeb94f14c881ba"
            ],
            "tags": {
              "Name": "deep"
            },
            "tags_all": {
              "Name": "deep"
            }
          },
          "sensitive_attributes": [],
          "private": "bnVsbA==",
          "dependencies": [
            "data.aws_subnets.private_subnets",
            "data.aws_vpc.default"
          ]
        }
      ]
    },
    {
      "mode": "managed",
      "type": "aws_launch_template",
      "name": "launch_template",
      "provider": "provider[\"registry.terraform.io/hashicorp/aws\"]",
      "instances": [
        {
          "schema_version": 0,
          "attributes": {
            "arn": "arn:aws:ec2:us-east-2:554660509057:launch-template/lt-0b7c28a02f2287c01",
            "block_device_mappings": [],
            "capacity_reservation_specification": [],
            "cpu_options": [],
            "credit_specification": [],
            "default_version": 2,
            "description": "Template for 2 tier application demo managed by Terraform",
            "disable_api_termination": false,
            "ebs_optimized": "",
            "elastic_gpu_specifications": [],
            "elastic_inference_accelerator": [],
            "enclave_options": [],
            "hibernation_options": [],
            "iam_instance_profile": [],
            "id": "lt-0b7c28a02f2287c01",
            "image_id": "ami-0fb653ca2d3203ac1",
            "instance_initiated_shutdown_behavior": "",
            "instance_market_options": [],
            "instance_type": "t2.micro",
            "kernel_id": "",
            "key_name": "deep_1",
            "latest_version": 2,
            "license_specification": [],
            "metadata_options": [],
            "monitoring": [],
            "name": "deep",
            "name_prefix": "",
            "network_interfaces": [],
            "placement": [],
            "ram_disk_id": "",
            "security_group_names": [],
            "tag_specifications": [
              {
                "resource_type": "instance",
                "tags": {
                  "Name": "deep"
                }
              },
              {
                "resource_type": "volume",
                "tags": {
                  "Name": "deep"
                }
              }
            ],
            "tags": {
              "Name": "deep"
            },
            "tags_all": {
              "Name": "deep"
            },
            "update_default_version": true,
            "user_data": "IyEvYmluL2Jhc2gNCmFwdC1nZXQgdXBkYXRlIC15IA0KYXB0LWdldCBpbnN0YWxsIC15IG5vZGVqcyBucG0gcG9zdGdyZXNxbC1jbGllbnQNCm5wbSBpbnN0YWxsIC1nIGZvcmV2ZXIgDQpleHBvcnQgREJfVVNFUj1kZWVwDQpleHBvcnQgREJfUFdEPUZrUTNjUnEhWWENCmV4cG9ydCBEQl9VUkw9ZGVlcC5jcHFyazBrdWY5cW8udXMtZWFzdC0yLnJkcy5hbWF6b25hd3MuY29tDQpleHBvcnQgREJfTkFNRT1kZWVwDQpleHBvcnQgUEdQQVNTV09SRD1Ga1EzY1JxIVlhDQpnaXQgY2xvbmUgaHR0cHM6Ly9naXRodWIuY29tL2t1bC1zYW1wbGVzL25vZGVqcy5naXQgL29wdC9hcHANCmNkIC9vcHQvYXBwDQpwc3FsIC1oICREQl9VUkwgLVUgJERCX1VTRVIgLWQgJERCX05BTUUgPCBjcmVhdGVfdGFibGUuc3FsDQpucG0gaW5zdGFsbA0KZm9yZXZlciBzdGFydCBhcHAuanMNCg==",
            "vpc_security_group_ids": [
              "sg-0f59188cd0c80c77c"
            ]
          },
          "sensitive_attributes": [],
          "private": "bnVsbA==",
          "dependencies": [
            "aws_db_instance.database",
            "aws_db_subnet_group.db_subnet_group",
            "data.aws_subnets.private_subnets",
            "data.aws_vpc.default",
            "data.template_file.user_data",
            "module.key_pair.aws_key_pair.key_pair",
            "module.key_pair.tls_private_key.key_pair",
            "module.security_group.aws_security_group.aws_security_group",
            "random_password.db_password"
          ]
        }
      ]
    },
    {
      "mode": "managed",
      "type": "aws_lb",
      "name": "deep",
      "provider": "provider[\"registry.terraform.io/hashicorp/aws\"]",
      "instances": [
        {
          "schema_version": 0,
          "attributes": {
            "access_logs": [
              {
                "bucket": "",
                "enabled": false,
                "prefix": ""
              }
            ],
            "arn": "arn:aws:elasticloadbalancing:us-east-2:554660509057:loadbalancer/net/deep/0527830ad1b915cb",
            "arn_suffix": "net/deep/0527830ad1b915cb",
            "customer_owned_ipv4_pool": "",
            "desync_mitigation_mode": null,
            "dns_name": "deep-0527830ad1b915cb.elb.us-east-2.amazonaws.com",
            "drop_invalid_header_fields": null,
            "enable_cross_zone_load_balancing": false,
            "enable_deletion_protection": false,
            "enable_http2": null,
            "enable_waf_fail_open": null,
            "id": "arn:aws:elasticloadbalancing:us-east-2:554660509057:loadbalancer/net/deep/0527830ad1b915cb",
            "idle_timeout": null,
            "internal": false,
            "ip_address_type": "ipv4",
            "load_balancer_type": "network",
            "name": "deep",
            "name_prefix": null,
            "security_groups": [],
            "subnet_mapping": [
              {
                "allocation_id": "",
                "ipv6_address": "",
                "outpost_id": "",
                "private_ipv4_address": "",
                "subnet_id": "subnet-006c5885815113eaf"
              },
              {
                "allocation_id": "",
                "ipv6_address": "",
                "outpost_id": "",
                "private_ipv4_address": "",
                "subnet_id": "subnet-0667b707728dee814"
              },
              {
                "allocation_id": "",
                "ipv6_address": "",
                "outpost_id": "",
                "private_ipv4_address": "",
                "subnet_id": "subnet-084a815ef77cd570f"
              }
            ],
            "subnets": [
              "subnet-006c5885815113eaf",
              "subnet-0667b707728dee814",
              "subnet-084a815ef77cd570f"
            ],
            "tags": {
              "Name": "deep"
            },
            "tags_all": {
              "Name": "deep"
            },
            "timeouts": null,
            "vpc_id": "vpc-07e3b3af9b264e7ad",
            "zone_id": "ZLMOA37VPKANP"
          },
          "sensitive_attributes": [],
          "private": "eyJlMmJmYjczMC1lY2FhLTExZTYtOGY4OC0zNDM2M2JjN2M0YzAiOnsiY3JlYXRlIjo2MDAwMDAwMDAwMDAsImRlbGV0ZSI6NjAwMDAwMDAwMDAwLCJ1cGRhdGUiOjYwMDAwMDAwMDAwMH19",
          "dependencies": [
            "data.aws_subnets.public_subnets",
            "data.aws_vpc.default"
          ]
        }
      ]
    },
    {
      "mode": "managed",
      "type": "aws_lb_listener",
      "name": "listener_4000",
      "provider": "provider[\"registry.terraform.io/hashicorp/aws\"]",
      "instances": [
        {
          "schema_version": 0,
          "attributes": {
            "alpn_policy": null,
            "arn": "arn:aws:elasticloadbalancing:us-east-2:554660509057:listener/net/deep/0527830ad1b915cb/872e432b97191be5",
            "certificate_arn": null,
            "default_action": [
              {
                "authenticate_cognito": [],
                "authenticate_oidc": [],
                "fixed_response": [],
                "forward": [],
                "order": 1,
                "redirect": [],
                "target_group_arn": "arn:aws:elasticloadbalancing:us-east-2:554660509057:targetgroup/deep-4000/dc8281f1cf0a94c1",
                "type": "forward"
              }
            ],
            "id": "arn:aws:elasticloadbalancing:us-east-2:554660509057:listener/net/deep/0527830ad1b915cb/872e432b97191be5",
            "load_balancer_arn": "arn:aws:elasticloadbalancing:us-east-2:554660509057:loadbalancer/net/deep/0527830ad1b915cb",
            "port": 4000,
            "protocol": "TCP",
            "ssl_policy": "",
            "tags": {},
            "tags_all": {},
            "timeouts": null
          },
          "sensitive_attributes": [],
          "private": "eyJlMmJmYjczMC1lY2FhLTExZTYtOGY4OC0zNDM2M2JjN2M0YzAiOnsicmVhZCI6NjAwMDAwMDAwMDAwfX0=",
          "dependencies": [
            "aws_lb.deep",
            "aws_lb_target_group.tg_4000",
            "data.aws_subnets.public_subnets",
            "data.aws_vpc.default"
          ]
        }
      ]
    },
    {
      "mode": "managed",
      "type": "aws_lb_target_group",
      "name": "tg_4000",
      "provider": "provider[\"registry.terraform.io/hashicorp/aws\"]",
      "instances": [
        {
          "schema_version": 0,
          "attributes": {
            "arn": "arn:aws:elasticloadbalancing:us-east-2:554660509057:targetgroup/deep-4000/dc8281f1cf0a94c1",
            "arn_suffix": "targetgroup/deep-4000/dc8281f1cf0a94c1",
            "connection_termination": false,
            "deregistration_delay": "300",
            "health_check": [
              {
                "enabled": true,
                "healthy_threshold": 3,
                "interval": 30,
                "matcher": "",
                "path": "",
                "port": "traffic-port",
                "protocol": "TCP",
                "timeout": 10,
                "unhealthy_threshold": 3
              }
            ],
            "id": "arn:aws:elasticloadbalancing:us-east-2:554660509057:targetgroup/deep-4000/dc8281f1cf0a94c1",
            "lambda_multi_value_headers_enabled": false,
            "load_balancing_algorithm_type": null,
            "name": "deep-4000",
            "name_prefix": null,
            "port": 4000,
            "preserve_client_ip": "true",
            "protocol": "TCP",
            "protocol_version": null,
            "proxy_protocol_v2": false,
            "slow_start": 0,
            "stickiness": [
              {
                "cookie_duration": 0,
                "cookie_name": "",
                "enabled": false,
                "type": "source_ip"
              }
            ],
            "tags": {
              "Name": "deep"
            },
            "tags_all": {
              "Name": "deep"
            },
            "target_type": "instance",
            "vpc_id": "vpc-07e3b3af9b264e7ad"
          },
          "sensitive_attributes": [],
          "private": "bnVsbA==",
          "dependencies": [
            "data.aws_vpc.default"
          ]
        }
      ]
    },
    {
      "mode": "managed",
      "type": "random_password",
      "name": "db_password",
      "provider": "provider[\"registry.terraform.io/hashicorp/random\"]",
      "instances": [
        {
          "schema_version": 0,
          "attributes": {
            "id": "none",
            "keepers": null,
            "length": 10,
            "lower": true,
            "min_lower": 0,
            "min_numeric": 0,
            "min_special": 0,
            "min_upper": 0,
            "number": true,
            "override_special": "_*!",
            "result": "FkQ3cRq!Ya",
            "special": true,
            "upper": true
          },
          "sensitive_attributes": [],
          "private": "bnVsbA=="
        }
      ]
    },
    {
      "module": "module.key_pair",
      "mode": "managed",
      "type": "aws_key_pair",
      "name": "key_pair",
      "provider": "provider[\"registry.terraform.io/hashicorp/aws\"]",
      "instances": [
        {
          "schema_version": 1,
          "attributes": {
            "arn": "arn:aws:ec2:us-east-2:554660509057:key-pair/deep_1",
            "fingerprint": "00:b6:d9:63:58:18:3c:58:c0:86:b9:8d:13:11:83:98",
            "id": "deep_1",
            "key_name": "deep_1",
            "key_name_prefix": "",
            "key_pair_id": "key-06a18a4d3078ecb37",
            "public_key": "ssh-rsa AAAAB3NzaC1yc2EAAAADAQABAAABAQDGp451OBfWxoMsXaLblPS4e2dOhKBzozQ1/ypfiNyPwu282DRSutAaqFNxiBdakBS6vyev+W54BVkUymJpUDEQBHf/B8e/k5gLEo+QZBjZUeLj6z8L40kTlByKCTUUzJZFEJjwoCStVlR8c43W9Gfv1JjDcJpkFPJm7QGk3Vn86lzbaE7BDDCGYfxrmpeTgCCZJ1kS0S8cTvN9IB7t1S5n6GUyraDQKGN+HogigX9Jr5ExFYWfZckX+DQb1tvO2CFK4o+Mh/TM4GE+Abj2MOYE4FhpJ9Dt1/P68/WU0U7DiHVp1f7ewQe691KuyM1YV7k5mZP1mrypl73rpDAzFrq3",
            "tags": {
              "Name": "deep_1"
            },
            "tags_all": {
              "Name": "deep_1"
            }
          },
          "sensitive_attributes": [],
          "private": "eyJzY2hlbWFfdmVyc2lvbiI6IjEifQ==",
          "dependencies": [
            "module.key_pair.tls_private_key.key_pair"
          ]
        }
      ]
    },
    {
      "module": "module.key_pair",
      "mode": "managed",
      "type": "tls_private_key",
      "name": "key_pair",
      "provider": "provider[\"registry.terraform.io/hashicorp/tls\"]",
      "instances": [
        {
          "schema_version": 0,
          "attributes": {
            "algorithm": "RSA",
            "ecdsa_curve": "P224",
            "id": "cf0a1c2c6f40c8d7ba1570550828eb9a7cfd7ac2",
            "private_key_pem": "-----BEGIN RSA PRIVATE KEY-----\nMIIEpAIBAAKCAQEAxqeOdTgX1saDLF2i25T0uHtnToSgc6M0Nf8qX4jcj8LtvNg0\nUrrQGqhTcYgXWpAUur8nr/lueAVZFMpiaVAxEAR3/wfHv5OYCxKPkGQY2VHi4+s/\nC+NJE5Qcigk1FMyWRRCY8KAkrVZUfHON1vRn79SYw3CaZBTyZu0BpN1Z/Opc22hO\nwQwwhmH8a5qXk4AgmSdZEtEvHE7zfSAe7dUuZ+hlMq2g0Chjfh6IIoF/Sa+RMRWF\nn2XJF/g0G9bbztghSuKPjIf0zOBhPgG49jDmBOBYaSfQ7dfz+vP1lNFOw4h1adX+\n3sEHuvdSrsjNWFe5OZmT9Zq8qZe966QwMxa6twIDAQABAoIBAD2YvNpp3zJwcUHz\ncskFYfBGC11UUHAqvci0aw4eYM2O0qqIm4i/dkGdyendGeix3kuddA/jlrZOajXB\nH0yqWdwuloqUfgJQIIfmZG+QKghQlLq5Od5Uxlb0yPigLD5bxYh6wgFylozMxPul\n1Og+9m9uC0QmiSjZOeRiPu1A2WNLN1dFm5rYqi7DpAmJO0oBPdra/GSkIkR+165U\nxrPhV70NkQ2GbZc+WOOW386/pPdpnHEEMtltip7IYcoirjtrWiVSNHajHCrRaq/I\nYfm6xHL+fT/w3tZnYx3QW+5mCVGhpOFKJpa1t3zDSsVqUU8NM/zYAMF+XPnNiaz8\n9uMsidkCgYEA/bPJUj0Jgdx2jKv3XH52b9yXKWe3fK6WG75WIcLvdPTNtDZn25n/\n6AduUybTNENHrQq034vJ0+kFHoS8tycrqj+LmvmJOa47kGDsogiAtBGVEivgrCTz\nzHhrTk0+v49GyB99H7SkjGok4z1+X3LQMWXO9NPMIyOU6aRdqveP1I0CgYEAyHQk\nCIp1CD3IR06x5Zcqn3BF3l3oMFK5OycBQU0C+zfAjX8LVxxiQQ+dtVjPitHQuCm+\n5QUara/P/gNjDf2B/Z5AOBNCOEehNOAETLt2zBmhQ5Auu2AcyZpzd5ZcDWAVtEIB\nzBfaapRss4mQyp/YMZ60V1S2mE/fLxoasbnqVVMCgYEAqRhIqfCWwqBPv6jqwRJl\nHF+5vNYtPQQcdrdhLzV/ZsO3y1Kr3HmDUIKLbQ6mnOHvBw3oykqgpgZc7B9qrOSF\nvP6HrS5+4RwZBT0k20axidNiOW9XW0Vx3amxU8o2dXUop0AdpKFBP3mLxo35CeM7\nkoEZ9KKqIA2aNjPgXpCMpA0CgYBnAjfaI7yMZaNb8Xa9svb2Q+3DnaJJ4tjJKvwc\nIIUdr8LFc7nSJAXhxTKYFHFitvt5CArPCdZx1t0dfYQTlmiMehwqNMtcvIJ893l+\nLP+ZVrpmS9uX8oYYm8QmeiAHx46fuSPPS5q0Fl3dzR2Y4pdouFOYZTIIB1N7kwCQ\nwCdJfQKBgQCYNkzof/Y75VS4ae0KIK6nPzlRzBmBk6bdJ3fM0hPXdUcr0EdKlm5S\nNfVMJarTR09eG5ZDtc6BYm2t9yYiBl2PX1FApGFmBohA8VlFRFNYS4BvGaALHmyt\nksJXM9buJBQkyFCKSKrGNJVIUH5UQGfWN10oa1TFk/AlIGvOqhBZxw==\n-----END RSA PRIVATE KEY-----\n",
            "public_key_fingerprint_md5": "0a:7b:42:78:5b:11:d3:1b:33:ac:af:ee:68:71:36:1b",
            "public_key_openssh": "ssh-rsa AAAAB3NzaC1yc2EAAAADAQABAAABAQDGp451OBfWxoMsXaLblPS4e2dOhKBzozQ1/ypfiNyPwu282DRSutAaqFNxiBdakBS6vyev+W54BVkUymJpUDEQBHf/B8e/k5gLEo+QZBjZUeLj6z8L40kTlByKCTUUzJZFEJjwoCStVlR8c43W9Gfv1JjDcJpkFPJm7QGk3Vn86lzbaE7BDDCGYfxrmpeTgCCZJ1kS0S8cTvN9IB7t1S5n6GUyraDQKGN+HogigX9Jr5ExFYWfZckX+DQb1tvO2CFK4o+Mh/TM4GE+Abj2MOYE4FhpJ9Dt1/P68/WU0U7DiHVp1f7ewQe691KuyM1YV7k5mZP1mrypl73rpDAzFrq3\n",
            "public_key_pem": "-----BEGIN PUBLIC KEY-----\nMIIBIjANBgkqhkiG9w0BAQEFAAOCAQ8AMIIBCgKCAQEAxqeOdTgX1saDLF2i25T0\nuHtnToSgc6M0Nf8qX4jcj8LtvNg0UrrQGqhTcYgXWpAUur8nr/lueAVZFMpiaVAx\nEAR3/wfHv5OYCxKPkGQY2VHi4+s/C+NJE5Qcigk1FMyWRRCY8KAkrVZUfHON1vRn\n79SYw3CaZBTyZu0BpN1Z/Opc22hOwQwwhmH8a5qXk4AgmSdZEtEvHE7zfSAe7dUu\nZ+hlMq2g0Chjfh6IIoF/Sa+RMRWFn2XJF/g0G9bbztghSuKPjIf0zOBhPgG49jDm\nBOBYaSfQ7dfz+vP1lNFOw4h1adX+3sEHuvdSrsjNWFe5OZmT9Zq8qZe966QwMxa6\ntwIDAQAB\n-----END PUBLIC KEY-----\n",
            "rsa_bits": 2048
          },
          "sensitive_attributes": [],
          "private": "bnVsbA=="
        }
      ]
    },
    {
      "module": "module.security_group",
      "mode": "managed",
      "type": "aws_security_group",
      "name": "aws_security_group",
      "provider": "provider[\"registry.terraform.io/hashicorp/aws\"]",
      "instances": [
        {
          "schema_version": 1,
          "attributes": {
            "arn": "arn:aws:ec2:us-east-2:554660509057:security-group/sg-0f59188cd0c80c77c",
            "description": "Security group for VPC named deep managed by Terraform",
            "egress": [
              {
                "cidr_blocks": [
                  "0.0.0.0/0"
                ],
                "description": "All Open",
                "from_port": 0,
                "ipv6_cidr_blocks": [],
                "prefix_list_ids": [],
                "protocol": "-1",
                "security_groups": [],
                "self": false,
                "to_port": 0
              }
            ],
            "id": "sg-0f59188cd0c80c77c",
            "ingress": [
              {
                "cidr_blocks": [
                  "0.0.0.0/0"
                ],
                "description": "",
                "from_port": 22,
                "ipv6_cidr_blocks": [],
                "prefix_list_ids": [],
                "protocol": "tcp",
                "security_groups": [],
                "self": false,
                "to_port": 22
              },
              {
                "cidr_blocks": [
                  "0.0.0.0/0"
                ],
                "description": "",
                "from_port": 4000,
                "ipv6_cidr_blocks": [],
                "prefix_list_ids": [],
                "protocol": "tcp",
                "security_groups": [],
                "self": false,
                "to_port": 4000
              },
              {
                "cidr_blocks": [],
                "description": "",
                "from_port": 5432,
                "ipv6_cidr_blocks": [],
                "prefix_list_ids": [],
                "protocol": "tcp",
                "security_groups": [],
                "self": true,
                "to_port": 5432
              }
            ],
            "name": "deep",
            "name_prefix": "",
            "owner_id": "554660509057",
            "revoke_rules_on_delete": false,
            "tags": {
              "Name": "deep"
            },
            "tags_all": {
              "Name": "deep"
            },
            "timeouts": null,
            "vpc_id": "vpc-07e3b3af9b264e7ad"
          },
          "sensitive_attributes": [],
          "private": "eyJlMmJmYjczMC1lY2FhLTExZTYtOGY4OC0zNDM2M2JjN2M0YzAiOnsiY3JlYXRlIjo2MDAwMDAwMDAwMDAsImRlbGV0ZSI6OTAwMDAwMDAwMDAwfSwic2NoZW1hX3ZlcnNpb24iOiIxIn0=",
          "dependencies": [
            "data.aws_vpc.default"
          ]
        }
      ]
    }
  ]
}
